// !$*UTF8*$!
{
	archiveVersion = 1;
	classes = {
	};
	objectVersion = 77;
	objects = {

/* Begin PBXBuildFile section */
		0064A7CE221C9C4163C99CDA /* MacSettingsView.swift in Sources */ = {isa = PBXBuildFile; fileRef = 98BD383F42B6673EC180528E /* MacSettingsView.swift */; };
		1CFEE67F884EC6F9AAF6660C /* ListsModel.swift in Sources */ = {isa = PBXBuildFile; fileRef = 4A685F173120995A6456A7CA /* ListsModel.swift */; };
		1F3F099505506958ED8B4EC5 /* UpcomingModel.swift in Sources */ = {isa = PBXBuildFile; fileRef = 94A89389C979CB88F6A0FC94 /* UpcomingModel.swift */; };
		218A8629C8AC04E2B6A73AA7 /* MacSidebar.swift in Sources */ = {isa = PBXBuildFile; fileRef = 124794C32720A0C6EDD1ED17 /* MacSidebar.swift */; };
		2327558C1647BCB01F6E8C01 /* APIClient.swift in Sources */ = {isa = PBXBuildFile; fileRef = 9DA9BC1AC503BEB22B766B8B /* APIClient.swift */; };
		2400443F3BA9545A1C36BD87 /* MacInspectorView.swift in Sources */ = {isa = PBXBuildFile; fileRef = 0EB9162A96F08FB76F8B8A08 /* MacInspectorView.swift */; };
		32732CC2DECD21115764C964 /* MacLoginView.swift in Sources */ = {isa = PBXBuildFile; fileRef = 1A8FA9DC8ECF71919AEEF070 /* MacLoginView.swift */; };
		34EE2E1184F407200FF92330 /* Theme.swift in Sources */ = {isa = PBXBuildFile; fileRef = 76A921F59EDA7BB061582B55 /* Theme.swift */; };
		410CA907482024557D854736 /* ListsModel.swift in Sources */ = {isa = PBXBuildFile; fileRef = D7C64AB867385E5D65FB60C5 /* ListsModel.swift */; };
		413E00B8154E7CE349EB82A4 /* AppConfig.swift in Sources */ = {isa = PBXBuildFile; fileRef = C1AC6FB3065D0476CB861CCB /* AppConfig.swift */; };
		4379CB78F559989C6F4F8215 /* APIError.swift in Sources */ = {isa = PBXBuildFile; fileRef = 2BA0623C568E97A99E07C46A /* APIError.swift */; };
		47D831643D12809AA06AF5D9 /* Assets.xcassets in Resources */ = {isa = PBXBuildFile; fileRef = 51B31FACEA1C713735FCF28F /* Assets.xcassets */; };
		4FF755ABDCC6BD5F45B62A2B /* MacLoginView.swift in Sources */ = {isa = PBXBuildFile; fileRef = A6ADB3150C6CB761AA640D29 /* MacLoginView.swift */; };
		518C8F71D55C04C0402D48BC /* Components.swift in Sources */ = {isa = PBXBuildFile; fileRef = FE4C35D028AE00069E32A7DA /* Components.swift */; };
		54D2C5616051DF6C7652A956 /* MacMenuBarExtra.swift in Sources */ = {isa = PBXBuildFile; fileRef = 9A231844268021C3000F573C /* MacMenuBarExtra.swift */; };
		572809F70E3AE3D2C8A3A302 /* BoardModel.swift in Sources */ = {isa = PBXBuildFile; fileRef = FC85D23FFB0B144E896A2A80 /* BoardModel.swift */; };
		5D2B2713948E71D7005F7299 /* MacQuickCapture.swift in Sources */ = {isa = PBXBuildFile; fileRef = 9C922CB8CC8592392965587F /* MacQuickCapture.swift */; };
		5DA74BA8393CAC9AE5B59A58 /* Theme.swift in Sources */ = {isa = PBXBuildFile; fileRef = 7A95BEF76ED9D8DDC921A491 /* Theme.swift */; };
		61426CEDFE3AC9C6712147AD /* MacRootView.swift in Sources */ = {isa = PBXBuildFile; fileRef = B350AFF3F20A95C14AF04283 /* MacRootView.swift */; };
		79936A379DEA8A584FE386FF /* MacSidebar.swift in Sources */ = {isa = PBXBuildFile; fileRef = 921240CD493CD24F83825A4C /* MacSidebar.swift */; };
		7D15EDA9B08D8F196D5F47E3 /* MacContentView.swift in Sources */ = {isa = PBXBuildFile; fileRef = C2676BB89D766041837B2DE2 /* MacContentView.swift */; };
		7F44FAB2BE1510A9D0F506A2 /* MacContentView.swift in Sources */ = {isa = PBXBuildFile; fileRef = 617CA5574FC073B49BF38254 /* MacContentView.swift */; };
		8259C5C223629BC269410098 /* Session.swift in Sources */ = {isa = PBXBuildFile; fileRef = 3153536B763FA4875CCA1565 /* Session.swift */; };
		835484BC0436E036A5E530CC /* UpcomingModel.swift in Sources */ = {isa = PBXBuildFile; fileRef = DD73948E13DFE9DF0B8C7097 /* UpcomingModel.swift */; };
		84B5982C844C823FF1DDC205 /* Models.swift in Sources */ = {isa = PBXBuildFile; fileRef = E58D1F39AA1BAC028E7E776F /* Models.swift */; };
		9293C847281DC59687D8752A /* Session.swift in Sources */ = {isa = PBXBuildFile; fileRef = 610D705FF2BE1008DE5EF7AF /* Session.swift */; };
		934A26A044B578974FC60B6A /* Assets.xcassets in Resources */ = {isa = PBXBuildFile; fileRef = DAE75B53CD043997503B0CAC /* Assets.xcassets */; };
		936A1733B7FFDE6C57154D06 /* Components.swift in Sources */ = {isa = PBXBuildFile; fileRef = 241D83D11CC6E670D925D1EE /* Components.swift */; };
		96B9028161AF7EE818E073DB /* AppConfig.swift in Sources */ = {isa = PBXBuildFile; fileRef = B1329775FE00E020F9E06CCC /* AppConfig.swift */; };
		9BA5F0078A43E2563EC45F16 /* MacTodoListView.swift in Sources */ = {isa = PBXBuildFile; fileRef = D1CF826C5C721B819F96F8FE /* MacTodoListView.swift */; };
		B27ADD50BD3D43F58F02BCE2 /* MacRootView.swift in Sources */ = {isa = PBXBuildFile; fileRef = 955055DAD4AFD6D7DD12D57F /* MacRootView.swift */; };
		CB9AC112452F0BA21FDB44A7 /* APIClient.swift in Sources */ = {isa = PBXBuildFile; fileRef = B2E024DEDBEC924F8516D371 /* APIClient.swift */; };
		CCFF9984A9C2EB2382EF36F8 /* APIError.swift in Sources */ = {isa = PBXBuildFile; fileRef = F6F542F309AF72ED8D088A95 /* APIError.swift */; };
		CEC65159519D07B41FE1F301 /* MacTodoListView.swift in Sources */ = {isa = PBXBuildFile; fileRef = C5B063D0E48538A84E306A7C /* MacTodoListView.swift */; };
		D1C0EB0F6ECC4CB49DCC6E97 /* Models.swift in Sources */ = {isa = PBXBuildFile; fileRef = EFBEAEAF13729A68D6F25711 /* Models.swift */; };
		D5CF7F50F86B2D9D7E9CFC1D /* Keychain.swift in Sources */ = {isa = PBXBuildFile; fileRef = 8800B2996279EAB5D93937D8 /* Keychain.swift */; };
		D69E5C1336FD69ABFCA0F519 /* MacSettingsView.swift in Sources */ = {isa = PBXBuildFile; fileRef = 8B3CC6F07771550269D7BA4C /* MacSettingsView.swift */; };
		E1796D324E5257701D96BD44 /* Cocoa.framework in Frameworks */ = {isa = PBXBuildFile; fileRef = 62D63FE10ED7841C93C54978 /* Cocoa.framework */; };
		EA203A2ECB6D9FCA797FB6FD /* BoardModel.swift in Sources */ = {isa = PBXBuildFile; fileRef = 6C1304EF17DEE48E144B77E5 /* BoardModel.swift */; };
		EB109360D6E804070FEFC43C /* TododelooMacApp.swift in Sources */ = {isa = PBXBuildFile; fileRef = 88361514A21504E4E40C52A2 /* TododelooMacApp.swift */; };
		F0EC06641330D43709FFF914 /* Cocoa.framework in Frameworks */ = {isa = PBXBuildFile; fileRef = 62D63FE10ED7841C93C54978 /* Cocoa.framework */; };
		F45ACCCF8F13C86E821DBAB8 /* Keychain.swift in Sources */ = {isa = PBXBuildFile; fileRef = 4712A099419B609D81AFE508 /* Keychain.swift */; };
		F768D531B1A211D69B3C1836 /* TododelooMacApp.swift in Sources */ = {isa = PBXBuildFile; fileRef = 441F2D95A70BB529DCB6CF9C /* TododelooMacApp.swift */; };
		FE795121B96DE2F78D10CB5B /* MacInspectorView.swift in Sources */ = {isa = PBXBuildFile; fileRef = 6E0FB82F0777A8DBFC3335E3 /* MacInspectorView.swift */; };
/* End PBXBuildFile section */

/* Begin PBXFileReference section */
		0EB9162A96F08FB76F8B8A08 /* MacInspectorView.swift */ = {isa = PBXFileReference; includeInIndex = 1; lastKnownFileType = sourcecode.swift; name = MacInspectorView.swift; path = TododelooMac/MacInspectorView.swift; sourceTree = "<group>"; };
		124794C32720A0C6EDD1ED17 /* MacSidebar.swift */ = {isa = PBXFileReference; includeInIndex = 1; lastKnownFileType = sourcecode.swift; name = MacSidebar.swift; path = TododelooMac/MacSidebar.swift; sourceTree = "<group>"; };
		1A8FA9DC8ECF71919AEEF070 /* MacLoginView.swift */ = {isa = PBXFileReference; includeInIndex = 1; lastKnownFileType = sourcecode.swift; name = MacLoginView.swift; path = TododelooMac/MacLoginView.swift; sourceTree = "<group>"; };
		241D83D11CC6E670D925D1EE /* Components.swift */ = {isa = PBXFileReference; includeInIndex = 1; lastKnownFileType = sourcecode.swift; name = Components.swift; path = Tododeloo/Views/Components.swift; sourceTree = "<group>"; };
		2BA0623C568E97A99E07C46A /* APIError.swift */ = {isa = PBXFileReference; includeInIndex = 1; lastKnownFileType = sourcecode.swift; name = APIError.swift; path = Tododeloo/Networking/APIError.swift; sourceTree = "<group>"; };
		3153536B763FA4875CCA1565 /* Session.swift */ = {isa = PBXFileReference; includeInIndex = 1; lastKnownFileType = sourcecode.swift; name = Session.swift; path = Tododeloo/State/Session.swift; sourceTree = "<group>"; };
		441F2D95A70BB529DCB6CF9C /* TododelooMacApp.swift */ = {isa = PBXFileReference; includeInIndex = 1; lastKnownFileType = sourcecode.swift; name = TododelooMacApp.swift; path = TododelooMac/TododelooMacApp.swift; sourceTree = "<group>"; };
		4712A099419B609D81AFE508 /* Keychain.swift */ = {isa = PBXFileReference; includeInIndex = 1; lastKnownFileType = sourcecode.swift; name = Keychain.swift; path = Tododeloo/Networking/Keychain.swift; sourceTree = "<group>"; };
		4A685F173120995A6456A7CA /* ListsModel.swift */ = {isa = PBXFileReference; includeInIndex = 1; lastKnownFileType = sourcecode.swift; name = ListsModel.swift; path = Tododeloo/State/ListsModel.swift; sourceTree = "<group>"; };
		51B31FACEA1C713735FCF28F /* Assets.xcassets */ = {isa = PBXFileReference; includeInIndex = 1; lastKnownFileType = folder.assetcatalog; name = Assets.xcassets; path = TododelooMac/Assets.xcassets; sourceTree = "<group>"; };
		52B4F99CEB45D84A3E0A0728 /* TododelooMac.app */ = {isa = PBXFileReference; explicitFileType = wrapper.application; includeInIndex = 0; path = TododelooMac.app; sourceTree = BUILT_PRODUCTS_DIR; };
		60F0202CE1F31F2E74BE3793 /* TododelooMac.app */ = {isa = PBXFileReference; explicitFileType = wrapper.application; includeInIndex = 0; path = TododelooMac.app; sourceTree = BUILT_PRODUCTS_DIR; };
		610D705FF2BE1008DE5EF7AF /* Session.swift */ = {isa = PBXFileReference; includeInIndex = 1; lastKnownFileType = sourcecode.swift; name = Session.swift; path = Tododeloo/State/Session.swift; sourceTree = "<group>"; };
		617CA5574FC073B49BF38254 /* MacContentView.swift */ = {isa = PBXFileReference; includeInIndex = 1; lastKnownFileType = sourcecode.swift; name = MacContentView.swift; path = TododelooMac/MacContentView.swift; sourceTree = "<group>"; };
		62D63FE10ED7841C93C54978 /* Cocoa.framework */ = {isa = PBXFileReference; lastKnownFileType = wrapper.framework; name = Cocoa.framework; path = Platforms/MacOSX.platform/Developer/SDKs/MacOSX15.0.sdk/System/Library/Frameworks/Cocoa.framework; sourceTree = DEVELOPER_DIR; };
		6C1304EF17DEE48E144B77E5 /* BoardModel.swift */ = {isa = PBXFileReference; includeInIndex = 1; lastKnownFileType = sourcecode.swift; name = BoardModel.swift; path = Tododeloo/State/BoardModel.swift; sourceTree = "<group>"; };
		6E0FB82F0777A8DBFC3335E3 /* MacInspectorView.swift */ = {isa = PBXFileReference; includeInIndex = 1; lastKnownFileType = sourcecode.swift; name = MacInspectorView.swift; path = TododelooMac/MacInspectorView.swift; sourceTree = "<group>"; };
		76A921F59EDA7BB061582B55 /* Theme.swift */ = {isa = PBXFileReference; includeInIndex = 1; lastKnownFileType = sourcecode.swift; name = Theme.swift; path = Tododeloo/Support/Theme.swift; sourceTree = "<group>"; };
		7A0000000000000000000010 /* Signing.xcconfig */ = {isa = PBXFileReference; lastKnownFileType = text.xcconfig; path = Config/Signing.xcconfig; sourceTree = SOURCE_ROOT; };
		7A95BEF76ED9D8DDC921A491 /* Theme.swift */ = {isa = PBXFileReference; includeInIndex = 1; lastKnownFileType = sourcecode.swift; name = Theme.swift; path = Tododeloo/Support/Theme.swift; sourceTree = "<group>"; };
		8800B2996279EAB5D93937D8 /* Keychain.swift */ = {isa = PBXFileReference; includeInIndex = 1; lastKnownFileType = sourcecode.swift; name = Keychain.swift; path = Tododeloo/Networking/Keychain.swift; sourceTree = "<group>"; };
		88361514A21504E4E40C52A2 /* TododelooMacApp.swift */ = {isa = PBXFileReference; includeInIndex = 1; lastKnownFileType = sourcecode.swift; name = TododelooMacApp.swift; path = TododelooMac/TododelooMacApp.swift; sourceTree = "<group>"; };
		8B3CC6F07771550269D7BA4C /* MacSettingsView.swift */ = {isa = PBXFileReference; includeInIndex = 1; lastKnownFileType = sourcecode.swift; name = MacSettingsView.swift; path = TododelooMac/MacSettingsView.swift; sourceTree = "<group>"; };
		921240CD493CD24F83825A4C /* MacSidebar.swift */ = {isa = PBXFileReference; includeInIndex = 1; lastKnownFileType = sourcecode.swift; name = MacSidebar.swift; path = TododelooMac/MacSidebar.swift; sourceTree = "<group>"; };
		94A89389C979CB88F6A0FC94 /* UpcomingModel.swift */ = {isa = PBXFileReference; includeInIndex = 1; lastKnownFileType = sourcecode.swift; name = UpcomingModel.swift; path = Tododeloo/State/UpcomingModel.swift; sourceTree = "<group>"; };
		955055DAD4AFD6D7DD12D57F /* MacRootView.swift */ = {isa = PBXFileReference; includeInIndex = 1; lastKnownFileType = sourcecode.swift; name = MacRootView.swift; path = TododelooMac/MacRootView.swift; sourceTree = "<group>"; };
		98BD383F42B6673EC180528E /* MacSettingsView.swift */ = {isa = PBXFileReference; includeInIndex = 1; lastKnownFileType = sourcecode.swift; name = MacSettingsView.swift; path = TododelooMac/MacSettingsView.swift; sourceTree = "<group>"; };
		9A231844268021C3000F573C /* MacMenuBarExtra.swift */ = {isa = PBXFileReference; includeInIndex = 1; lastKnownFileType = sourcecode.swift; name = MacMenuBarExtra.swift; path = TododelooMac/MacMenuBarExtra.swift; sourceTree = "<group>"; };
		9C922CB8CC8592392965587F /* MacQuickCapture.swift */ = {isa = PBXFileReference; includeInIndex = 1; lastKnownFileType = sourcecode.swift; name = MacQuickCapture.swift; path = TododelooMac/MacQuickCapture.swift; sourceTree = "<group>"; };
		9DA9BC1AC503BEB22B766B8B /* APIClient.swift */ = {isa = PBXFileReference; includeInIndex = 1; lastKnownFileType = sourcecode.swift; name = APIClient.swift; path = Tododeloo/Networking/APIClient.swift; sourceTree = "<group>"; };
		A42810D1FCFDD8795201887D /* TododelooMac.app */ = {isa = PBXFileReference; explicitFileType = wrapper.application; includeInIndex = 0; path = TododelooMac.app; sourceTree = BUILT_PRODUCTS_DIR; };
		A6ADB3150C6CB761AA640D29 /* MacLoginView.swift */ = {isa = PBXFileReference; includeInIndex = 1; lastKnownFileType = sourcecode.swift; name = MacLoginView.swift; path = TododelooMac/MacLoginView.swift; sourceTree = "<group>"; };
		B1329775FE00E020F9E06CCC /* AppConfig.swift */ = {isa = PBXFileReference; includeInIndex = 1; lastKnownFileType = sourcecode.swift; name = AppConfig.swift; path = Tododeloo/Support/AppConfig.swift; sourceTree = "<group>"; };
		B2E024DEDBEC924F8516D371 /* APIClient.swift */ = {isa = PBXFileReference; includeInIndex = 1; lastKnownFileType = sourcecode.swift; name = APIClient.swift; path = Tododeloo/Networking/APIClient.swift; sourceTree = "<group>"; };
		B3128E8E0A5342F821158649 /* TododelooMac.app */ = {isa = PBXFileReference; explicitFileType = wrapper.application; includeInIndex = 0; path = TododelooMac.app; sourceTree = BUILT_PRODUCTS_DIR; };
		B350AFF3F20A95C14AF04283 /* MacRootView.swift */ = {isa = PBXFileReference; includeInIndex = 1; lastKnownFileType = sourcecode.swift; name = MacRootView.swift; path = TododelooMac/MacRootView.swift; sourceTree = "<group>"; };
		C1AC6FB3065D0476CB861CCB /* AppConfig.swift */ = {isa = PBXFileReference; includeInIndex = 1; lastKnownFileType = sourcecode.swift; name = AppConfig.swift; path = Tododeloo/Support/AppConfig.swift; sourceTree = "<group>"; };
		C2676BB89D766041837B2DE2 /* MacContentView.swift */ = {isa = PBXFileReference; includeInIndex = 1; lastKnownFileType = sourcecode.swift; name = MacContentView.swift; path = TododelooMac/MacContentView.swift; sourceTree = "<group>"; };
		C5B063D0E48538A84E306A7C /* MacTodoListView.swift */ = {isa = PBXFileReference; includeInIndex = 1; lastKnownFileType = sourcecode.swift; name = MacTodoListView.swift; path = TododelooMac/MacTodoListView.swift; sourceTree = "<group>"; };
		D1CF826C5C721B819F96F8FE /* MacTodoListView.swift */ = {isa = PBXFileReference; includeInIndex = 1; lastKnownFileType = sourcecode.swift; name = MacTodoListView.swift; path = TododelooMac/MacTodoListView.swift; sourceTree = "<group>"; };
		D7C64AB867385E5D65FB60C5 /* ListsModel.swift */ = {isa = PBXFileReference; includeInIndex = 1; lastKnownFileType = sourcecode.swift; name = ListsModel.swift; path = Tododeloo/State/ListsModel.swift; sourceTree = "<group>"; };
		DAE75B53CD043997503B0CAC /* Assets.xcassets */ = {isa = PBXFileReference; includeInIndex = 1; lastKnownFileType = folder.assetcatalog; name = Assets.xcassets; path = TododelooMac/Assets.xcassets; sourceTree = "<group>"; };
		DD73948E13DFE9DF0B8C7097 /* UpcomingModel.swift */ = {isa = PBXFileReference; includeInIndex = 1; lastKnownFileType = sourcecode.swift; name = UpcomingModel.swift; path = Tododeloo/State/UpcomingModel.swift; sourceTree = "<group>"; };
		E58D1F39AA1BAC028E7E776F /* Models.swift */ = {isa = PBXFileReference; includeInIndex = 1; lastKnownFileType = sourcecode.swift; name = Models.swift; path = Tododeloo/Models/Models.swift; sourceTree = "<group>"; };
		EFBEAEAF13729A68D6F25711 /* Models.swift */ = {isa = PBXFileReference; includeInIndex = 1; lastKnownFileType = sourcecode.swift; name = Models.swift; path = Tododeloo/Models/Models.swift; sourceTree = "<group>"; };
		F6F542F309AF72ED8D088A95 /* APIError.swift */ = {isa = PBXFileReference; includeInIndex = 1; lastKnownFileType = sourcecode.swift; name = APIError.swift; path = Tododeloo/Networking/APIError.swift; sourceTree = "<group>"; };
		F86146B7D4F5F43C160536C4 /* TododelooMac.app */ = {isa = PBXFileReference; explicitFileType = wrapper.application; includeInIndex = 0; path = TododelooMac.app; sourceTree = BUILT_PRODUCTS_DIR; };
		FC85D23FFB0B144E896A2A80 /* BoardModel.swift */ = {isa = PBXFileReference; includeInIndex = 1; lastKnownFileType = sourcecode.swift; name = BoardModel.swift; path = Tododeloo/State/BoardModel.swift; sourceTree = "<group>"; };
		FE4C35D028AE00069E32A7DA /* Components.swift */ = {isa = PBXFileReference; includeInIndex = 1; lastKnownFileType = sourcecode.swift; name = Components.swift; path = Tododeloo/Views/Components.swift; sourceTree = "<group>"; };
/* End PBXFileReference section */

/* Begin PBXFileSystemSynchronizedRootGroup section */
		7A0000000000000000000005 /* Tododeloo */ = {
			isa = PBXFileSystemSynchronizedRootGroup;
			exceptions = (
			);
			path = Tododeloo;
			sourceTree = "<group>";
		};
/* End PBXFileSystemSynchronizedRootGroup section */

/* Begin PBXFrameworksBuildPhase section */
		0AE051AFA88BFF0144A94F7E /* Frameworks */ = {
			isa = PBXFrameworksBuildPhase;
			buildActionMask = 2147483647;
			files = (
				F0EC06641330D43709FFF914 /* Cocoa.framework in Frameworks */,
			);
			runOnlyForDeploymentPostprocessing = 0;
		};
		7A0000000000000000000008 /* Frameworks */ = {
			isa = PBXFrameworksBuildPhase;
			buildActionMask = 2147483647;
			files = (
			);
			runOnlyForDeploymentPostprocessing = 0;
		};
/* End PBXFrameworksBuildPhase section */

/* Begin PBXGroup section */
		37346927E4C56F512937BD91 /* OS X */ = {
			isa = PBXGroup;
			children = (
				62D63FE10ED7841C93C54978 /* Cocoa.framework */,
			);
			name = "OS X";
			sourceTree = "<group>";
		};
		7A0000000000000000000002 = {
			isa = PBXGroup;
			children = (
				7A0000000000000000000010 /* Signing.xcconfig */,
				7A0000000000000000000005 /* Tododeloo */,
				7A0000000000000000000003 /* Products */,
				7D0B0109065FB596360FC926 /* Frameworks */,
				9224462D5524FBE6D6DD3E6D /* MacSources */,
			);
			sourceTree = "<group>";
		};
		7A0000000000000000000003 /* Products */ = {
			isa = PBXGroup;
			children = (
				60F0202CE1F31F2E74BE3793 /* TododelooMac.app */,
				A42810D1FCFDD8795201887D /* TododelooMac.app */,
				F86146B7D4F5F43C160536C4 /* TododelooMac.app */,
				52B4F99CEB45D84A3E0A0728 /* TododelooMac.app */,
				B3128E8E0A5342F821158649 /* TododelooMac.app */,
			);
			name = Products;
			sourceTree = "<group>";
		};
		7D0B0109065FB596360FC926 /* Frameworks */ = {
			isa = PBXGroup;
			children = (
				37346927E4C56F512937BD91 /* OS X */,
			);
			name = Frameworks;
			sourceTree = "<group>";
		};
		9224462D5524FBE6D6DD3E6D /* MacSources */ = {
			isa = PBXGroup;
			children = (
				E58D1F39AA1BAC028E7E776F /* Models.swift */,
				9DA9BC1AC503BEB22B766B8B /* APIClient.swift */,
				2BA0623C568E97A99E07C46A /* APIError.swift */,
				4712A099419B609D81AFE508 /* Keychain.swift */,
				3153536B763FA4875CCA1565 /* Session.swift */,
				FC85D23FFB0B144E896A2A80 /* BoardModel.swift */,
				4A685F173120995A6456A7CA /* ListsModel.swift */,
				DD73948E13DFE9DF0B8C7097 /* UpcomingModel.swift */,
				C1AC6FB3065D0476CB861CCB /* AppConfig.swift */,
				76A921F59EDA7BB061582B55 /* Theme.swift */,
				241D83D11CC6E670D925D1EE /* Components.swift */,
				C2676BB89D766041837B2DE2 /* MacContentView.swift */,
				6E0FB82F0777A8DBFC3335E3 /* MacInspectorView.swift */,
				A6ADB3150C6CB761AA640D29 /* MacLoginView.swift */,
				9A231844268021C3000F573C /* MacMenuBarExtra.swift */,
				9C922CB8CC8592392965587F /* MacQuickCapture.swift */,
				955055DAD4AFD6D7DD12D57F /* MacRootView.swift */,
				98BD383F42B6673EC180528E /* MacSettingsView.swift */,
				124794C32720A0C6EDD1ED17 /* MacSidebar.swift */,
				C5B063D0E48538A84E306A7C /* MacTodoListView.swift */,
				441F2D95A70BB529DCB6CF9C /* TododelooMacApp.swift */,
				51B31FACEA1C713735FCF28F /* Assets.xcassets */,
			);
			name = MacSources;
			sourceTree = "<group>";
		};
/* End PBXGroup section */

/* Begin PBXNativeTarget section */
		7A0000000000000000000006 /* Tododeloo */ = {
			isa = PBXNativeTarget;
			buildConfigurationList = 7A000000000000000000000D /* Build configuration list for PBXNativeTarget "Tododeloo" */;
			buildPhases = (
				7A0000000000000000000007 /* Sources */,
				7A0000000000000000000008 /* Frameworks */,
				7A0000000000000000000009 /* Resources */,
			);
			buildRules = (
			);
			dependencies = (
			);
			fileSystemSynchronizedGroups = (
				7A0000000000000000000005 /* Tododeloo */,
			);
			name = Tododeloo;
			productName = Tododeloo;
			productType = "com.apple.product-type.application";
		};
		ED2C528B3B102C3FEFA025E6 /* TododelooMac */ = {
			isa = PBXNativeTarget;
			buildConfigurationList = 84747227E1D032B86EE8D6BA /* Build configuration list for PBXNativeTarget "TododelooMac" */;
			buildPhases = (
				130B0074B5A9DABAB351FD57 /* Sources */,
				0AE051AFA88BFF0144A94F7E /* Frameworks */,
				58BF4BF53B2AED06BF5F1417 /* Resources */,
			);
			buildRules = (
			);
			dependencies = (
			);
			name = TododelooMac;
			productName = TododelooMac;
			productReference = B3128E8E0A5342F821158649 /* TododelooMac.app */;
			productType = "com.apple.product-type.application";
		};
/* End PBXNativeTarget section */

/* Begin PBXProject section */
		7A0000000000000000000001 /* Project object */ = {
			isa = PBXProject;
			attributes = {
				BuildIndependentTargetsInParallel = 1;
				LastSwiftUpdateCheck = 2650;
				LastUpgradeCheck = 2650;
				TargetAttributes = {
					7A0000000000000000000006 = {
						CreatedOnToolsVersion = 26.5;
					};
				};
			};
			buildConfigurationList = 7A000000000000000000000A /* Build configuration list for PBXProject "Tododeloo" */;
			developmentRegion = en;
			hasScannedForEncodings = 0;
			knownRegions = (
				en,
				Base,
			);
			mainGroup = 7A0000000000000000000002;
			minimizedProjectReferenceProxies = 1;
			preferredProjectObjectVersion = 77;
			productRefGroup = 7A0000000000000000000003 /* Products */;
			projectDirPath = "";
			projectRoot = "";
			targets = (
				7A0000000000000000000006 /* Tododeloo */,
				ED2C528B3B102C3FEFA025E6 /* TododelooMac */,
			);
		};
/* End PBXProject section */

/* Begin PBXResourcesBuildPhase section */
		58BF4BF53B2AED06BF5F1417 /* Resources */ = {
			isa = PBXResourcesBuildPhase;
			buildActionMask = 2147483647;
			files = (
				47D831643D12809AA06AF5D9 /* Assets.xcassets in Resources */,
			);
			runOnlyForDeploymentPostprocessing = 0;
		};
		7A0000000000000000000009 /* Resources */ = {
			isa = PBXResourcesBuildPhase;
			buildActionMask = 2147483647;
			files = (
			);
			runOnlyForDeploymentPostprocessing = 0;
		};
/* End PBXResourcesBuildPhase section */

/* Begin PBXSourcesBuildPhase section */
		130B0074B5A9DABAB351FD57 /* Sources */ = {
			isa = PBXSourcesBuildPhase;
			buildActionMask = 2147483647;
			files = (
				84B5982C844C823FF1DDC205 /* Models.swift in Sources */,
				2327558C1647BCB01F6E8C01 /* APIClient.swift in Sources */,
				4379CB78F559989C6F4F8215 /* APIError.swift in Sources */,
				F45ACCCF8F13C86E821DBAB8 /* Keychain.swift in Sources */,
				8259C5C223629BC269410098 /* Session.swift in Sources */,
				572809F70E3AE3D2C8A3A302 /* BoardModel.swift in Sources */,
				1CFEE67F884EC6F9AAF6660C /* ListsModel.swift in Sources */,
				835484BC0436E036A5E530CC /* UpcomingModel.swift in Sources */,
				413E00B8154E7CE349EB82A4 /* AppConfig.swift in Sources */,
				34EE2E1184F407200FF92330 /* Theme.swift in Sources */,
				936A1733B7FFDE6C57154D06 /* Components.swift in Sources */,
				7D15EDA9B08D8F196D5F47E3 /* MacContentView.swift in Sources */,
				FE795121B96DE2F78D10CB5B /* MacInspectorView.swift in Sources */,
				4FF755ABDCC6BD5F45B62A2B /* MacLoginView.swift in Sources */,
				54D2C5616051DF6C7652A956 /* MacMenuBarExtra.swift in Sources */,
				5D2B2713948E71D7005F7299 /* MacQuickCapture.swift in Sources */,
				B27ADD50BD3D43F58F02BCE2 /* MacRootView.swift in Sources */,
				0064A7CE221C9C4163C99CDA /* MacSettingsView.swift in Sources */,
				218A8629C8AC04E2B6A73AA7 /* MacSidebar.swift in Sources */,
				CEC65159519D07B41FE1F301 /* MacTodoListView.swift in Sources */,
				F768D531B1A211D69B3C1836 /* TododelooMacApp.swift in Sources */,
			);
			runOnlyForDeploymentPostprocessing = 0;
		};
		7A0000000000000000000007 /* Sources */ = {
			isa = PBXSourcesBuildPhase;
			buildActionMask = 2147483647;
			files = (
			);
			runOnlyForDeploymentPostprocessing = 0;
		};
/* End PBXSourcesBuildPhase section */

/* Begin XCBuildConfiguration section */
		529031097B1ACC0CE31DA14D /* Release */ = {
			isa = XCBuildConfiguration;
			baseConfigurationReference = 7A0000000000000000000010 /* Signing.xcconfig */;
			buildSettings = {
				ASSETCATALOG_COMPILER_APPICON_NAME = AppIcon;
				ASSETCATALOG_COMPILER_GLOBAL_ACCENT_COLOR_NAME = AccentColor;
				CODE_SIGN_ENTITLEMENTS = TododelooMac/TododelooMac.entitlements;
				CODE_SIGN_STYLE = Automatic;
				COMBINE_HIDPI_IMAGES = YES;
				CURRENT_PROJECT_VERSION = 1;
				ENABLE_PREVIEWS = YES;
				GENERATE_INFOPLIST_FILE = YES;
				INFOPLIST_KEY_CFBundleDisplayName = Tododeloo;
				INFOPLIST_KEY_LSApplicationCategoryType = "public.app-category.productivity";
				LD_RUNPATH_SEARCH_PATHS = (
					"$(inherited)",
					"@executable_path/../Frameworks",
				);
				MACOSX_DEPLOYMENT_TARGET = 14.0;
				MARKETING_VERSION = 1.0;
				PRODUCT_BUNDLE_IDENTIFIER = com.tododeloo.mac;
				PRODUCT_NAME = "$(TARGET_NAME)";
				SDKROOT = macosx;
				SUPPORTED_PLATFORMS = macosx;
				SWIFT_EMIT_LOC_STRINGS = YES;
				SWIFT_VERSION = 5.0;
			};
			name = Release;
		};
		7A000000000000000000000B /* Debug */ = {
			isa = XCBuildConfiguration;
			buildSettings = {
				ALWAYS_SEARCH_USER_PATHS = NO;
				ASSETCATALOG_COMPILER_GENERATE_SWIFT_ASSET_SYMBOL_EXTENSIONS = YES;
				CLANG_ANALYZER_NONNULL = YES;
				CLANG_ANALYZER_NUMBER_OBJECT_CONVERSION = YES_AGGRESSIVE;
				CLANG_ENABLE_MODULES = YES;
				CLANG_ENABLE_OBJC_ARC = YES;
				CLANG_ENABLE_OBJC_WEAK = YES;
				CLANG_WARN_BOOL_CONVERSION = YES;
				CLANG_WARN_COMMA = YES;
				CLANG_WARN_CONSTANT_CONVERSION = YES;
				CLANG_WARN_DEPRECATED_OBJC_IMPLEMENTATIONS = YES;
				CLANG_WARN_DIRECT_OBJC_ISA_USAGE = YES_ERROR;
				CLANG_WARN_DOCUMENTATION_COMMENTS = YES;
				CLANG_WARN_EMPTY_BODY = YES;
				CLANG_WARN_ENUM_CONVERSION = YES;
				CLANG_WARN_INFINITE_RECURSION = YES;
				CLANG_WARN_INT_CONVERSION = YES;
				CLANG_WARN_NON_LITERAL_NULL_CONVERSION = YES;
				CLANG_WARN_OBJC_IMPLICIT_RETAIN_SELF = YES;
				CLANG_WARN_OBJC_LITERAL_CONVERSION = YES;
				CLANG_WARN_OBJC_ROOT_CLASS = YES_ERROR;
				CLANG_WARN_RANGE_LOOP_ANALYSIS = YES;
				CLANG_WARN_STRICT_PROTOTYPES = YES;
				CLANG_WARN_SUSPICIOUS_MOVE = YES;
				CLANG_WARN_UNGUARDED_AVAILABILITY = YES_AGGRESSIVE;
				CLANG_WARN_UNREACHABLE_CODE = YES;
				CLANG_WARN__DUPLICATE_METHOD_MATCH = YES;
				COPY_PHASE_STRIP = NO;
				DEBUG_INFORMATION_FORMAT = dwarf;
				ENABLE_STRICT_OBJC_MSGSEND = YES;
				ENABLE_TESTABILITY = YES;
				ENABLE_USER_SCRIPT_SANDBOXING = YES;
				GCC_C_LANGUAGE_STANDARD = gnu17;
				GCC_DYNAMIC_NO_PIC = NO;
				GCC_NO_COMMON_BLOCKS = YES;
				GCC_OPTIMIZATION_LEVEL = 0;
				GCC_PREPROCESSOR_DEFINITIONS = (
					"DEBUG=1",
					"$(inherited)",
				);
				GCC_WARN_64_TO_32_BIT_CONVERSION = YES;
				GCC_WARN_ABOUT_RETURN_TYPE = YES_ERROR;
				GCC_WARN_UNDECLARED_SELECTOR = YES;
				GCC_WARN_UNINITIALIZED_AUTOS = YES_AGGRESSIVE;
				GCC_WARN_UNUSED_FUNCTION = YES;
				GCC_WARN_UNUSED_VARIABLE = YES;
				IPHONEOS_DEPLOYMENT_TARGET = 17.0;
				LOCALIZATION_PREFERS_STRING_CATALOGS = YES;
				MTL_ENABLE_DEBUG_INFO = INCLUDE_SOURCE;
				MTL_FAST_MATH = YES;
				ONLY_ACTIVE_ARCH = YES;
				SDKROOT = iphoneos;
				SWIFT_ACTIVE_COMPILATION_CONDITIONS = "DEBUG $(inherited)";
				SWIFT_OPTIMIZATION_LEVEL = "-Onone";
			};
			name = Debug;
		};
		7A000000000000000000000C /* Release */ = {
			isa = XCBuildConfiguration;
			buildSettings = {
				ALWAYS_SEARCH_USER_PATHS = NO;
				ASSETCATALOG_COMPILER_GENERATE_SWIFT_ASSET_SYMBOL_EXTENSIONS = YES;
				CLANG_ANALYZER_NONNULL = YES;
				CLANG_ANALYZER_NUMBER_OBJECT_CONVERSION = YES_AGGRESSIVE;
				CLANG_ENABLE_MODULES = YES;
				CLANG_ENABLE_OBJC_ARC = YES;
				CLANG_ENABLE_OBJC_WEAK = YES;
				CLANG_WARN_BOOL_CONVERSION = YES;
				CLANG_WARN_COMMA = YES;
				CLANG_WARN_CONSTANT_CONVERSION = YES;
				CLANG_WARN_DEPRECATED_OBJC_IMPLEMENTATIONS = YES;
				CLANG_WARN_DIRECT_OBJC_ISA_USAGE = YES_ERROR;
				CLANG_WARN_DOCUMENTATION_COMMENTS = YES;
				CLANG_WARN_EMPTY_BODY = YES;
				CLANG_WARN_ENUM_CONVERSION = YES;
				CLANG_WARN_INFINITE_RECURSION = YES;
				CLANG_WARN_INT_CONVERSION = YES;
				CLANG_WARN_NON_LITERAL_NULL_CONVERSION = YES;
				CLANG_WARN_OBJC_IMPLICIT_RETAIN_SELF = YES;
				CLANG_WARN_OBJC_LITERAL_CONVERSION = YES;
				CLANG_WARN_OBJC_ROOT_CLASS = YES_ERROR;
				CLANG_WARN_RANGE_LOOP_ANALYSIS = YES;
				CLANG_WARN_STRICT_PROTOTYPES = YES;
				CLANG_WARN_SUSPICIOUS_MOVE = YES;
				CLANG_WARN_UNGUARDED_AVAILABILITY = YES_AGGRESSIVE;
				CLANG_WARN_UNREACHABLE_CODE = YES;
				CLANG_WARN__DUPLICATE_METHOD_MATCH = YES;
				COPY_PHASE_STRIP = NO;
				DEBUG_INFORMATION_FORMAT = "dwarf-with-dsym";
				ENABLE_NS_ASSERTIONS = NO;
				ENABLE_STRICT_OBJC_MSGSEND = YES;
				ENABLE_USER_SCRIPT_SANDBOXING = YES;
				GCC_C_LANGUAGE_STANDARD = gnu17;
				GCC_NO_COMMON_BLOCKS = YES;
				GCC_WARN_64_TO_32_BIT_CONVERSION = YES;
				GCC_WARN_ABOUT_RETURN_TYPE = YES_ERROR;
				GCC_WARN_UNDECLARED_SELECTOR = YES;
				GCC_WARN_UNINITIALIZED_AUTOS = YES_AGGRESSIVE;
				GCC_WARN_UNUSED_FUNCTION = YES;
				GCC_WARN_UNUSED_VARIABLE = YES;
				IPHONEOS_DEPLOYMENT_TARGET = 17.0;
				LOCALIZATION_PREFERS_STRING_CATALOGS = YES;
				MTL_ENABLE_DEBUG_INFO = NO;
				MTL_FAST_MATH = YES;
				SDKROOT = iphoneos;
				SWIFT_COMPILATION_MODE = wholemodule;
				VALIDATE_PRODUCT = YES;
			};
			name = Release;
		};
		7A000000000000000000000E /* Debug */ = {
			isa = XCBuildConfiguration;
			baseConfigurationReference = 7A0000000000000000000010 /* Signing.xcconfig */;
			buildSettings = {
				ASSETCATALOG_COMPILER_APPICON_NAME = AppIcon;
				ASSETCATALOG_COMPILER_GLOBAL_ACCENT_COLOR_NAME = AccentColor;
				CODE_SIGN_ENTITLEMENTS = Tododeloo.entitlements;
				"CODE_SIGN_IDENTITY[sdk=macosx*]" = "-";
				CODE_SIGN_STYLE = Automatic;
				CURRENT_PROJECT_VERSION = 1;
				DEVELOPMENT_ASSET_PATHS = "";
				ENABLE_PREVIEWS = YES;
				GENERATE_INFOPLIST_FILE = YES;
				INFOPLIST_KEY_CFBundleDisplayName = Tododeloo;
				INFOPLIST_KEY_UIApplicationSceneManifest_Generation = YES;
				INFOPLIST_KEY_UIApplicationSupportsIndirectInputEvents = YES;
				INFOPLIST_KEY_UILaunchScreen_Generation = YES;
				INFOPLIST_KEY_UISupportedInterfaceOrientations_iPad = "UIInterfaceOrientationPortrait UIInterfaceOrientationPortraitUpsideDown UIInterfaceOrientationLandscapeLeft UIInterfaceOrientationLandscapeRight";
				INFOPLIST_KEY_UISupportedInterfaceOrientations_iPhone = "UIInterfaceOrientationPortrait UIInterfaceOrientationLandscapeLeft UIInterfaceOrientationLandscapeRight";
				IPHONEOS_DEPLOYMENT_TARGET = 17.0;
				LD_RUNPATH_SEARCH_PATHS = (
					"$(inherited)",
					"@executable_path/Frameworks",
				);
				MARKETING_VERSION = 1.0;
				PRODUCT_BUNDLE_IDENTIFIER = com.tododeloo.app;
				PRODUCT_NAME = "$(TARGET_NAME)";
				SUPPORTS_MAC_DESIGNED_FOR_IPHONE_IPAD = NO;
				SWIFT_EMIT_LOC_STRINGS = YES;
				SWIFT_VERSION = 5.0;
				TARGETED_DEVICE_FAMILY = "1,2";
			};
			name = Debug;
		};
		7A000000000000000000000F /* Release */ = {
			isa = XCBuildConfiguration;
			baseConfigurationReference = 7A0000000000000000000010 /* Signing.xcconfig */;
			buildSettings = {
				ASSETCATALOG_COMPILER_APPICON_NAME = AppIcon;
				ASSETCATALOG_COMPILER_GLOBAL_ACCENT_COLOR_NAME = AccentColor;
				CODE_SIGN_ENTITLEMENTS = Tododeloo.entitlements;
				"CODE_SIGN_IDENTITY[sdk=macosx*]" = "-";
				CODE_SIGN_STYLE = Automatic;
				CURRENT_PROJECT_VERSION = 1;
				DEVELOPMENT_ASSET_PATHS = "";
				ENABLE_PREVIEWS = YES;
				GENERATE_INFOPLIST_FILE = YES;
				INFOPLIST_KEY_CFBundleDisplayName = Tododeloo;
				INFOPLIST_KEY_UIApplicationSceneManifest_Generation = YES;
				INFOPLIST_KEY_UIApplicationSupportsIndirectInputEvents = YES;
				INFOPLIST_KEY_UILaunchScreen_Generation = YES;
				INFOPLIST_KEY_UISupportedInterfaceOrientations_iPad = "UIInterfaceOrientationPortrait UIInterfaceOrientationPortraitUpsideDown UIInterfaceOrientationLandscapeLeft UIInterfaceOrientationLandscapeRight";
				INFOPLIST_KEY_UISupportedInterfaceOrientations_iPhone = "UIInterfaceOrientationPortrait UIInterfaceOrientationLandscapeLeft UIInterfaceOrientationLandscapeRight";
				IPHONEOS_DEPLOYMENT_TARGET = 17.0;
				LD_RUNPATH_SEARCH_PATHS = (
					"$(inherited)",
					"@executable_path/Frameworks",
				);
				MARKETING_VERSION = 1.0;
				PRODUCT_BUNDLE_IDENTIFIER = com.tododeloo.app;
				PRODUCT_NAME = "$(TARGET_NAME)";
				SUPPORTS_MAC_DESIGNED_FOR_IPHONE_IPAD = NO;
				SWIFT_EMIT_LOC_STRINGS = YES;
				SWIFT_VERSION = 5.0;
				TARGETED_DEVICE_FAMILY = "1,2";
			};
			name = Release;
		};
		A6027E580F91AB0D6F552859 /* Debug */ = {
			isa = XCBuildConfiguration;
			baseConfigurationReference = 7A0000000000000000000010 /* Signing.xcconfig */;
			buildSettings = {
				ASSETCATALOG_COMPILER_APPICON_NAME = AppIcon;
				ASSETCATALOG_COMPILER_GLOBAL_ACCENT_COLOR_NAME = AccentColor;
				CODE_SIGN_ENTITLEMENTS = TododelooMac/TododelooMac.entitlements;
				CODE_SIGN_STYLE = Automatic;
				COMBINE_HIDPI_IMAGES = YES;
				CURRENT_PROJECT_VERSION = 1;
				ENABLE_PREVIEWS = YES;
				GENERATE_INFOPLIST_FILE = YES;
				INFOPLIST_KEY_CFBundleDisplayName = Tododeloo;
				INFOPLIST_KEY_LSApplicationCategoryType = "public.app-category.productivity";
				LD_RUNPATH_SEARCH_PATHS = (
					"$(inherited)",
					"@executable_path/../Frameworks",
				);
				MACOSX_DEPLOYMENT_TARGET = 14.0;
				MARKETING_VERSION = 1.0;
				PRODUCT_BUNDLE_IDENTIFIER = com.tododeloo.mac;
				PRODUCT_NAME = "$(TARGET_NAME)";
				SDKROOT = macosx;
				SUPPORTED_PLATFORMS = macosx;
				SWIFT_EMIT_LOC_STRINGS = YES;
				SWIFT_VERSION = 5.0;
			};
			name = Debug;
		};
		C4C308D339F7BBF551E7A83F /* Debug */ = {
			isa = XCBuildConfiguration;
			baseConfigurationReference = 7A0000000000000000000010 /* Signing.xcconfig */;
			buildSettings = {
				ASSETCATALOG_COMPILER_APPICON_NAME = AppIcon;
				ASSETCATALOG_COMPILER_GLOBAL_ACCENT_COLOR_NAME = AccentColor;
				CODE_SIGN_ENTITLEMENTS = TododelooMac/TododelooMac.entitlements;
				CODE_SIGN_STYLE = Automatic;
				COMBINE_HIDPI_IMAGES = YES;
				CURRENT_PROJECT_VERSION = 1;
				ENABLE_PREVIEWS = YES;
				GENERATE_INFOPLIST_FILE = YES;
				INFOPLIST_KEY_CFBundleDisplayName = Tododeloo;
				INFOPLIST_KEY_LSApplicationCategoryType = "public.app-category.productivity";
				LD_RUNPATH_SEARCH_PATHS = (
					"$(inherited)",
					"@executable_path/../Frameworks",
				);
				MACOSX_DEPLOYMENT_TARGET = 14.0;
				MARKETING_VERSION = 1.0;
				PRODUCT_BUNDLE_IDENTIFIER = com.tododeloo.mac;
				PRODUCT_NAME = "$(TARGET_NAME)";
				SDKROOT = macosx;
				SUPPORTED_PLATFORMS = macosx;
				SWIFT_EMIT_LOC_STRINGS = YES;
				SWIFT_VERSION = 5.0;
			};
			name = Debug;
		};
		F7A8572EF8344B5C317E36F9 /* Release */ = {
			isa = XCBuildConfiguration;
			baseConfigurationReference = 7A0000000000000000000010 /* Signing.xcconfig */;
			buildSettings = {
				ASSETCATALOG_COMPILER_APPICON_NAME = AppIcon;
				ASSETCATALOG_COMPILER_GLOBAL_ACCENT_COLOR_NAME = AccentColor;
				CODE_SIGN_ENTITLEMENTS = TododelooMac/TododelooMac.entitlements;
				CODE_SIGN_STYLE = Automatic;
				COMBINE_HIDPI_IMAGES = YES;
				CURRENT_PROJECT_VERSION = 1;
				ENABLE_PREVIEWS = YES;
				GENERATE_INFOPLIST_FILE = YES;
				INFOPLIST_KEY_CFBundleDisplayName = Tododeloo;
				INFOPLIST_KEY_LSApplicationCategoryType = "public.app-category.productivity";
				LD_RUNPATH_SEARCH_PATHS = (
					"$(inherited)",
					"@executable_path/../Frameworks",
				);
				MACOSX_DEPLOYMENT_TARGET = 14.0;
				MARKETING_VERSION = 1.0;
				PRODUCT_BUNDLE_IDENTIFIER = com.tododeloo.mac;
				PRODUCT_NAME = "$(TARGET_NAME)";
				SDKROOT = macosx;
				SUPPORTED_PLATFORMS = macosx;
				SWIFT_EMIT_LOC_STRINGS = YES;
				SWIFT_VERSION = 5.0;
			};
			name = Release;
		};
/* End XCBuildConfiguration section */

/* Begin XCConfigurationList section */
		7A000000000000000000000A /* Build configuration list for PBXProject "Tododeloo" */ = {
			isa = XCConfigurationList;
			buildConfigurations = (
				7A000000000000000000000B /* Debug */,
				7A000000000000000000000C /* Release */,
			);
			defaultConfigurationIsVisible = 0;
			defaultConfigurationName = Release;
		};
		7A000000000000000000000D /* Build configuration list for PBXNativeTarget "Tododeloo" */ = {
			isa = XCConfigurationList;
			buildConfigurations = (
				7A000000000000000000000E /* Debug */,
				7A000000000000000000000F /* Release */,
			);
			defaultConfigurationIsVisible = 0;
			defaultConfigurationName = Release;
		};
		84747227E1D032B86EE8D6BA /* Build configuration list for PBXNativeTarget "TododelooMac" */ = {
			isa = XCConfigurationList;
			buildConfigurations = (
				529031097B1ACC0CE31DA14D /* Release */,
				C4C308D339F7BBF551E7A83F /* Debug */,
			);
			defaultConfigurationIsVisible = 0;
			defaultConfigurationName = Release;
		};
/* End XCConfigurationList section */
	};
	rootObject = 7A0000000000000000000001 /* Project object */;
}
